{
  "name": "@telegraf/types",
  "version": "9.6.0",
  "lockfileVersion": 3,
  "requires": true,
  "packages": {
    "": {
      "name": "@telegraf/types",
      "version": "9.6.0",
      "license": "MIT",
      "devDependencies": {
        "deno-bin": "^2.2.7"
      }
    },
    "node_modules/adm-zip": {
      "version": "0.5.17",
      "resolved": "https://registry.npmjs.org/adm-zip/-/adm-zip-0.5.17.tgz",
      "integrity": "sha512-+Ut8d9LLqwEvHHJl1+PIHqoyDxFgVN847JTVM3Izi3xHDWPE4UtzzXysMZQs64DMcrJfBeS/uoEP4AD3HQHnQQ==",
      "dev": true,
      "license": "MIT",
      "engines": {
        "node": ">=12.0"
      }
    },
    "node_modules/deno-bin": {
      "version": "2.2.7",
      "resolved": "https://registry.npmjs.org/deno-bin/-/deno-bin-2.2.7.tgz",
      "integrity": "sha512-ANCqji3OqD0Voji5OtUElCFRhcp1Wt6d2LUMR+jlOXkIN/MqL8BgzHFMi3a5e8YnB7IEpxsR/O3Yd+wkQXcc9g==",
      "dev": true,
      "hasInstallScript": true,
      "license": "MIT",
      "dependencies": {
        "adm-zip": "^0.5.4"
      },
      "bin": {
        "deno": "bin/deno.js",
        "deno-bin": "bin/deno.js"
      }
    }
  }
}
