{
  "name": "@telegraf/types",
  "version": "7.0.1",
  "lockfileVersion": 3,
  "requires": true,
  "packages": {
    "": {
      "name": "@telegraf/types",
      "version": "7.0.1",
      "license": "MIT",
      "devDependencies": {
        "deno-bin": "^1.40.4"
      }
    },
    "node_modules/adm-zip": {
      "version": "0.5.10",
      "resolved": "https://registry.npmjs.org/adm-zip/-/adm-zip-0.5.10.tgz",
      "integrity": "sha512-x0HvcHqVJNTPk/Bw8JbLWlWoo6Wwnsug0fnYYro1HBrjxZ3G7/AZk7Ahv8JwDe1uIcz8eBqvu86FuF1POiG7vQ==",
      "dev": true,
      "engines": {
        "node": ">=6.0"
      }
    },
    "node_modules/deno-bin": {
      "version": "1.40.4",
      "resolved": "https://registry.npmjs.org/deno-bin/-/deno-bin-1.40.4.tgz",
      "integrity": "sha512-SpSsOJ3E4NbP7CLHXr/fEPmcjsBy0YZ/a9PPwJkh7Ef1EefRsjGDno5+fT/NtTJKDY2eAZpyTi8vyJUZWwqCpg==",
      "dev": true,
      "hasInstallScript": true,
      "dependencies": {
        "adm-zip": "^0.5.4"
      },
      "bin": {
        "deno": "bin/deno.js",
        "deno-bin": "bin/deno.js"
      }
    }
  }
}
