{
  "name": "@telegraf/types",
  "version": "8.2.0",
  "lockfileVersion": 3,
  "requires": true,
  "packages": {
    "": {
      "name": "@telegraf/types",
      "version": "8.2.0",
      "license": "MIT",
      "devDependencies": {
        "deno-bin": "^2.1.6"
      }
    },
    "node_modules/adm-zip": {
      "version": "0.5.10",
      "resolved": "https://registry.npmjs.org/adm-zip/-/adm-zip-0.5.10.tgz",
      "integrity": "sha512-x0HvcHqVJNTPk/Bw8JbLWlWoo6Wwnsug0fnYYro1HBrjxZ3G7/AZk7Ahv8JwDe1uIcz8eBqvu86FuF1POiG7vQ==",
      "dev": true,
      "engines": {
        "node": ">=6.0"
      }
    },
    "node_modules/deno-bin": {
      "version": "2.1.6",
      "resolved": "https://registry.npmjs.org/deno-bin/-/deno-bin-2.1.6.tgz",
      "integrity": "sha512-K05LNOnAWE58JPXmH50sfmoaOTnT9JHKtCtVmYAIHcbkNiILQVO5jMvm5+Ti258tMmnPq565cKryB8bdO2CIzg==",
      "dev": true,
      "hasInstallScript": true,
      "license": "MIT",
      "dependencies": {
        "adm-zip": "^0.5.4"
      },
      "bin": {
        "deno": "bin/deno.js",
        "deno-bin": "bin/deno.js"
      }
    }
  }
}
