lockfileVersion: '6.0'

settings:
  autoInstallPeers: true
  excludeLinksFromLockfile: false

devDependencies:
  deno-bin:
    specifier: ^1.31.1
    version: 1.31.1

packages:

  /adm-zip@0.5.10:
    resolution: {integrity: sha512-x0HvcHqVJNTPk/Bw8JbLWlWoo6Wwnsug0fnYYro1HBrjxZ3G7/AZk7Ahv8JwDe1uIcz8eBqvu86FuF1POiG7vQ==}
    engines: {node: '>=6.0'}
    dev: true

  /deno-bin@1.31.1:
    resolution: {integrity: sha512-QP3rJ4aKr6G2Uvg313SX2wcozKwIXa7Uoewoca1fvsQozum1khQXPJzLGTp0H3amwaYVtR3wZJd+QU5pmEqk4g==}
    hasBin: true
    requiresBuild: true
    dependencies:
      adm-zip: 0.5.10
      follow-redirects: 1.15.2
    transitivePeerDependencies:
      - debug
    dev: true

  /follow-redirects@1.15.2:
    resolution: {integrity: sha512-VQLG33o04KaQ8uYi2tVNbdrWp1QWxNNea+nmIB4EVM28v0hmP17z7aG1+wAkNzVq4KeXTq3221ye5qTJP91JwA==}
    engines: {node: '>=4.0'}
    peerDependencies:
      debug: '*'
    peerDependenciesMeta:
      debug:
        optional: true
    dev: true
